
Microsoft Visual Studio Solution File, Format Version 12.00
Project("{2150E333-8FDC-42A3-9474-1A3956D46DE8}") = "Services", "Services", "{40A66C87-7613-4AB5-B173-E109339CF330}"
EndProject
Project("{2150E333-8FDC-42A3-9474-1A3956D46DE8}") = "Payments", "Payments", "{4F4CE65C-4D91-4A01-A013-74C0A86BE09D}"
EndProject
Project("{2150E333-8FDC-42A3-9474-1A3956D46DE8}") = "Common", "Common", "{92BEDF8B-445A-472F-9C39-EB7B2834C51C}"
EndProject
Project("{FAE04EC0-301F-11D3-BF4B-00C04F79EFBC}") = "Payments", "Services\Payments\Payments\Payments.csproj", "{1A279412-1049-4809-9919-D58309F7105D}"
EndProject
Project("{FAE04EC0-301F-11D3-BF4B-00C04F79EFBC}") = "Payments.Tests", "Services\Payments\Payments.Tests\Payments.Tests.csproj", "{239D46FE-7678-4A60-8F74-11562B40A3C2}"
EndProject
Project("{FAE04EC0-301F-11D3-BF4B-00C04F79EFBC}") = "Common", "Common\Common\Common.csproj", "{8ECC8748-AD49-4F75-A33E-F2688BA3EE28}"
EndProject
Project("{FAE04EC0-301F-11D3-BF4B-00C04F79EFBC}") = "Common.Api", "Common\Common.Api\Common.Api.csproj", "{9CB56C31-05DC-49C5-AF40-F9EB7EF89540}"
EndProject
Project("{FAE04EC0-301F-11D3-BF4B-00C04F79EFBC}") = "AspNetCore", "AspNetCore\AspNetCore.csproj", "{899FE615-680A-41DA-A8C6-1BCCEF52A937}"
EndProject
Project("{FAE04EC0-301F-11D3-BF4B-00C04F79EFBC}") = "Common.Api.SourceGenerator", "Common\Common.Api.SourceGenerator\Common.Api.SourceGenerator.csproj", "{DFAD58C7-345E-4C15-A3BA-4ABB79CAB077}"
EndProject
Project("{FAE04EC0-301F-11D3-BF4B-00C04F79EFBC}") = "Common.Api.SourceGenerator.Attributes", "Common\Common.Api.SourceGenerator.Attributes\Common.Api.SourceGenerator.Attributes.csproj", "{5A2ECB29-8FA3-41C1-8141-2C8F9B6A288F}"
EndProject
Project("{FAE04EC0-301F-11D3-BF4B-00C04F79EFBC}") = "DomainFixture", "Common\DomainFixture\DomainFixture.csproj", "{8A308920-122F-44CD-8666-C95D6955E6AB}"
EndProject
Project("{FAE04EC0-301F-11D3-BF4B-00C04F79EFBC}") = "Payments.Contracts", "Services\Payments\Payments.Contracts\Payments.Contracts.csproj", "{4B0C2F3E-EC19-4D24-89AC-B222CFA9EC2E}"
EndProject
Global
	GlobalSection(SolutionConfigurationPlatforms) = preSolution
		Debug|Any CPU = Debug|Any CPU
		Release|Any CPU = Release|Any CPU
	EndGlobalSection
	GlobalSection(NestedProjects) = preSolution
		{4F4CE65C-4D91-4A01-A013-74C0A86BE09D} = {40A66C87-7613-4AB5-B173-E109339CF330}
		{1A279412-1049-4809-9919-D58309F7105D} = {4F4CE65C-4D91-4A01-A013-74C0A86BE09D}
		{239D46FE-7678-4A60-8F74-11562B40A3C2} = {4F4CE65C-4D91-4A01-A013-74C0A86BE09D}
		{8ECC8748-AD49-4F75-A33E-F2688BA3EE28} = {92BEDF8B-445A-472F-9C39-EB7B2834C51C}
		{9CB56C31-05DC-49C5-AF40-F9EB7EF89540} = {92BEDF8B-445A-472F-9C39-EB7B2834C51C}
		{DFAD58C7-345E-4C15-A3BA-4ABB79CAB077} = {92BEDF8B-445A-472F-9C39-EB7B2834C51C}
		{5A2ECB29-8FA3-41C1-8141-2C8F9B6A288F} = {92BEDF8B-445A-472F-9C39-EB7B2834C51C}
		{8A308920-122F-44CD-8666-C95D6955E6AB} = {92BEDF8B-445A-472F-9C39-EB7B2834C51C}
		{4B0C2F3E-EC19-4D24-89AC-B222CFA9EC2E} = {4F4CE65C-4D91-4A01-A013-74C0A86BE09D}
	EndGlobalSection
	GlobalSection(ProjectConfigurationPlatforms) = postSolution
		{1A279412-1049-4809-9919-D58309F7105D}.Debug|Any CPU.ActiveCfg = Debug|Any CPU
		{1A279412-1049-4809-9919-D58309F7105D}.Debug|Any CPU.Build.0 = Debug|Any CPU
		{1A279412-1049-4809-9919-D58309F7105D}.Release|Any CPU.ActiveCfg = Release|Any CPU
		{1A279412-1049-4809-9919-D58309F7105D}.Release|Any CPU.Build.0 = Release|Any CPU
		{239D46FE-7678-4A60-8F74-11562B40A3C2}.Debug|Any CPU.ActiveCfg = Debug|Any CPU
		{239D46FE-7678-4A60-8F74-11562B40A3C2}.Debug|Any CPU.Build.0 = Debug|Any CPU
		{239D46FE-7678-4A60-8F74-11562B40A3C2}.Release|Any CPU.ActiveCfg = Release|Any CPU
		{239D46FE-7678-4A60-8F74-11562B40A3C2}.Release|Any CPU.Build.0 = Release|Any CPU
		{8ECC8748-AD49-4F75-A33E-F2688BA3EE28}.Debug|Any CPU.ActiveCfg = Debug|Any CPU
		{8ECC8748-AD49-4F75-A33E-F2688BA3EE28}.Debug|Any CPU.Build.0 = Debug|Any CPU
		{8ECC8748-AD49-4F75-A33E-F2688BA3EE28}.Release|Any CPU.ActiveCfg = Release|Any CPU
		{8ECC8748-AD49-4F75-A33E-F2688BA3EE28}.Release|Any CPU.Build.0 = Release|Any CPU
		{9CB56C31-05DC-49C5-AF40-F9EB7EF89540}.Debug|Any CPU.ActiveCfg = Debug|Any CPU
		{9CB56C31-05DC-49C5-AF40-F9EB7EF89540}.Debug|Any CPU.Build.0 = Debug|Any CPU
		{9CB56C31-05DC-49C5-AF40-F9EB7EF89540}.Release|Any CPU.ActiveCfg = Release|Any CPU
		{9CB56C31-05DC-49C5-AF40-F9EB7EF89540}.Release|Any CPU.Build.0 = Release|Any CPU
		{899FE615-680A-41DA-A8C6-1BCCEF52A937}.Debug|Any CPU.ActiveCfg = Debug|Any CPU
		{899FE615-680A-41DA-A8C6-1BCCEF52A937}.Debug|Any CPU.Build.0 = Debug|Any CPU
		{899FE615-680A-41DA-A8C6-1BCCEF52A937}.Release|Any CPU.ActiveCfg = Release|Any CPU
		{899FE615-680A-41DA-A8C6-1BCCEF52A937}.Release|Any CPU.Build.0 = Release|Any CPU
		{DFAD58C7-345E-4C15-A3BA-4ABB79CAB077}.Debug|Any CPU.ActiveCfg = Debug|Any CPU
		{DFAD58C7-345E-4C15-A3BA-4ABB79CAB077}.Debug|Any CPU.Build.0 = Debug|Any CPU
		{DFAD58C7-345E-4C15-A3BA-4ABB79CAB077}.Release|Any CPU.ActiveCfg = Release|Any CPU
		{DFAD58C7-345E-4C15-A3BA-4ABB79CAB077}.Release|Any CPU.Build.0 = Release|Any CPU
		{5A2ECB29-8FA3-41C1-8141-2C8F9B6A288F}.Debug|Any CPU.ActiveCfg = Debug|Any CPU
		{5A2ECB29-8FA3-41C1-8141-2C8F9B6A288F}.Debug|Any CPU.Build.0 = Debug|Any CPU
		{5A2ECB29-8FA3-41C1-8141-2C8F9B6A288F}.Release|Any CPU.ActiveCfg = Release|Any CPU
		{5A2ECB29-8FA3-41C1-8141-2C8F9B6A288F}.Release|Any CPU.Build.0 = Release|Any CPU
		{8A308920-122F-44CD-8666-C95D6955E6AB}.Debug|Any CPU.ActiveCfg = Debug|Any CPU
		{8A308920-122F-44CD-8666-C95D6955E6AB}.Debug|Any CPU.Build.0 = Debug|Any CPU
		{8A308920-122F-44CD-8666-C95D6955E6AB}.Release|Any CPU.ActiveCfg = Release|Any CPU
		{8A308920-122F-44CD-8666-C95D6955E6AB}.Release|Any CPU.Build.0 = Release|Any CPU
		{4B0C2F3E-EC19-4D24-89AC-B222CFA9EC2E}.Debug|Any CPU.ActiveCfg = Debug|Any CPU
		{4B0C2F3E-EC19-4D24-89AC-B222CFA9EC2E}.Debug|Any CPU.Build.0 = Debug|Any CPU
		{4B0C2F3E-EC19-4D24-89AC-B222CFA9EC2E}.Release|Any CPU.ActiveCfg = Release|Any CPU
		{4B0C2F3E-EC19-4D24-89AC-B222CFA9EC2E}.Release|Any CPU.Build.0 = Release|Any CPU
	EndGlobalSection
EndGlobal
