
Microsoft Visual Studio Solution File, Format Version 12.00
# Visual Studio Version 17
VisualStudioVersion = 17.2.32630.192
MinimumVisualStudioVersion = 10.0.40219.1
Project("{2150E333-8FDC-42A3-9474-1A3956D46DE8}") = "Services", "Services", "{40A66C87-7613-4AB5-B173-E109339CF330}"
EndProject
Project("{2150E333-8FDC-42A3-9474-1A3956D46DE8}") = "Payments", "Payments", "{4F4CE65C-4D91-4A01-A013-74C0A86BE09D}"
EndProject
Project("{2150E333-8FDC-42A3-9474-1A3956D46DE8}") = "Common", "Common", "{92BEDF8B-445A-472F-9C39-EB7B2834C51C}"
EndProject
Project("{9A19103F-16F7-4668-BE54-9A1E7A4F7556}") = "Payments", "Services\Payments\Payments\Payments.csproj", "{1A279412-1049-4809-9919-D58309F7105D}"
EndProject
Project("{9A19103F-16F7-4668-BE54-9A1E7A4F7556}") = "Payments.Tests", "Services\Payments\Payments.Tests\Payments.Tests.csproj", "{239D46FE-7678-4A60-8F74-11562B40A3C2}"
EndProject
Project("{9A19103F-16F7-4668-BE54-9A1E7A4F7556}") = "Common", "Common\Common\Common.csproj", "{8ECC8748-AD49-4F75-A33E-F2688BA3EE28}"
EndProject
Project("{9A19103F-16F7-4668-BE54-9A1E7A4F7556}") = "Common.Api", "Common\Common.Api\Common.Api.csproj", "{9CB56C31-05DC-49C5-AF40-F9EB7EF89540}"
EndProject
Project("{9A19103F-16F7-4668-BE54-9A1E7A4F7556}") = "AspNetCore", "AspNetCore\AspNetCore.csproj", "{899FE615-680A-41DA-A8C6-1BCCEF52A937}"
EndProject
Project("{9A19103F-16F7-4668-BE54-9A1E7A4F7556}") = "Common.Api.SourceGenerator", "Common\Common.Api.SourceGenerator\Common.Api.SourceGenerator.csproj", "{DFAD58C7-345E-4C15-A3BA-4ABB79CAB077}"
EndProject
Project("{9A19103F-16F7-4668-BE54-9A1E7A4F7556}") = "Common.Api.SourceGenerator.Attributes", "Common\Common.Api.SourceGenerator.Attributes\Common.Api.SourceGenerator.Attributes.csproj", "{5A2ECB29-8FA3-41C1-8141-2C8F9B6A288F}"
EndProject
Project("{9A19103F-16F7-4668-BE54-9A1E7A4F7556}") = "DomainFixture", "Common\DomainFixture\DomainFixture.csproj", "{8A308920-122F-44CD-8666-C95D6955E6AB}"
EndProject
Project("{9A19103F-16F7-4668-BE54-9A1E7A4F7556}") = "Payments.Contracts", "Services\Payments\Payments.Contracts\Payments.Contracts.csproj", "{4B0C2F3E-EC19-4D24-89AC-B222CFA9EC2E}"
EndProject
Project("{2150E333-8FDC-42A3-9474-1A3956D46DE8}") = "Inpark", "Inpark", "{988335B2-66B6-4C5F-935D-95C72D492D7C}"
EndProject
Project("{9A19103F-16F7-4668-BE54-9A1E7A4F7556}") = "Inpark", "Services\Inpark\Inpark\Inpark.csproj", "{E80E716B-D85E-4C6E-B4FF-5262F06A47B0}"
EndProject
Project("{9A19103F-16F7-4668-BE54-9A1E7A4F7556}") = "Inpark.Contracts", "Services\Inpark\Inpark.Contracts\Inpark.Contracts.csproj", "{955D33A9-553C-4DED-AD3A-56CBC0031036}"
EndProject
Project("{9A19103F-16F7-4668-BE54-9A1E7A4F7556}") = "Inpark.Tests", "Services\Inpark\Inpark.Tests\Inpark.Tests.csproj", "{CA89D7DE-6B53-4DF1-9479-19B4A46F5DFF}"
EndProject
Project("{2150E333-8FDC-42A3-9474-1A3956D46DE8}") = "Auth", "Auth", "{4FC80A3E-6600-46A0-8D81-ECC2FA794C44}"
EndProject
Project("{9A19103F-16F7-4668-BE54-9A1E7A4F7556}") = "Auth", "Services\Auth\Auth\Auth.csproj", "{69E5501B-0451-4018-BDA3-7E8867FD6701}"
EndProject
Project("{2150E333-8FDC-42A3-9474-1A3956D46DE8}") = "Tenants", "Tenants", "{72A5891A-A821-45B9-917E-EF6A0C8B520A}"
EndProject
Project("{9A19103F-16F7-4668-BE54-9A1E7A4F7556}") = "Auth.Tests", "Services\Auth\Auth.Tests\Auth.Tests.csproj", "{5D0F8E49-5C46-4FEB-84A9-E84AFF1A4A19}"
EndProject
Project("{9A19103F-16F7-4668-BE54-9A1E7A4F7556}") = "Auth.Contracts", "Services\Auth\Auth.Contracts\Auth.Contracts.csproj", "{CD63F782-F048-4971-B6CB-89CC162B09E3}"
EndProject
Project("{9A19103F-16F7-4668-BE54-9A1E7A4F7556}") = "Auth.Library", "Services\Auth\Auth.Library\Auth.Library.csproj", "{789CDAAE-1FA9-4F3D-8A21-A4478E76B320}"
EndProject
Project("{9A19103F-16F7-4668-BE54-9A1E7A4F7556}") = "Common.Functions", "Common\Common.Functions\Common.Functions.csproj", "{A0CF463F-EA83-49B6-872C-D820032045D7}"
EndProject
Project("{9A19103F-16F7-4668-BE54-9A1E7A4F7556}") = "Maps.Functions", "Services\Maps\Maps.Functions\Maps.Functions.csproj", "{43CF9FAB-7265-417D-8F03-71149D5AE195}"
EndProject
Project("{2150E333-8FDC-42A3-9474-1A3956D46DE8}") = "Maps", "Maps", "{ABE8AA74-3C3E-41DC-BA24-A4460164C40C}"
EndProject
Project("{9A19103F-16F7-4668-BE54-9A1E7A4F7556}") = "Maps", "Maps\Maps.csproj", "{9BE70739-7927-4D23-87F2-A761D6498794}"
EndProject
Project("{9A19103F-16F7-4668-BE54-9A1E7A4F7556}") = "Maps.Tests.Load", "Services\Maps\Maps.Tests.Load\Maps.Tests.Load.csproj", "{6C387CF1-3830-4D4B-8884-370DECA5F460}"
EndProject
Project("{9A19103F-16F7-4668-BE54-9A1E7A4F7556}") = "Maps.Contracts", "Services\Maps\Maps.Contracts\Maps.Contracts.csproj", "{8268D33B-02E6-452C-8528-5ADFD4BB5783}"
EndProject
Project("{9A19103F-16F7-4668-BE54-9A1E7A4F7556}") = "Maps.Tests", "Services\Maps\Maps.Tests\Maps.Tests.csproj", "{F606A1F8-3F87-4C1F-B3DC-83F0B21DB2D0}"
EndProject
Project("{9A19103F-16F7-4668-BE54-9A1E7A4F7556}") = "Translator", "Services\Translator\Translator\Translator.csproj", "{26BCF820-384F-41A8-8F54-A005191C73B6}"
EndProject
Project("{2150E333-8FDC-42A3-9474-1A3956D46DE8}") = "Translator", "Translator", "{0A72FEE7-0468-44F1-9539-ED724F094593}"
EndProject
Project("{9A19103F-16F7-4668-BE54-9A1E7A4F7556}") = "Translator.Contracts", "Services\Translator\Translator.Contracts\Translator.Contracts.csproj", "{906125C2-760F-46EF-8070-A455293DC0F7}"
EndProject
Project("{9A19103F-16F7-4668-BE54-9A1E7A4F7556}") = "Translator.Tests", "Services\Translator\Translator.Tests\Translator.Tests.csproj", "{49D6D6F7-55B7-4F05-952D-A50CE5CC9DF0}"
EndProject
Project("{FAE04EC0-301F-11D3-BF4B-00C04F79EFBC}") = "Translator.Functions", "Services\Translator\Translator.Functions\Translator.Functions.csproj", "{5D00C2BE-7B24-4E4F-9332-3B83AB101F22}"
EndProject
Project("{2150E333-8FDC-42A3-9474-1A3956D46DE8}") = "API", "API", "{9D6DA0AB-1D4B-4BCB-A21B-955129438568}"
EndProject
Project("{2150E333-8FDC-42A3-9474-1A3956D46DE8}") = "SDUI", "SDUI", "{DB4DA918-DB13-4FCA-9759-11E54ABCC9B9}"
EndProject
Project("{FAE04EC0-301F-11D3-BF4B-00C04F79EFBC}") = "Zeta.UI", "SDUI\Zeta.UI\Zeta.UI.csproj", "{313DEA60-B909-4AB9-A24A-B3631F66DBF0}"
EndProject
Project("{FAE04EC0-301F-11D3-BF4B-00C04F79EFBC}") = "Zeta.UI.Transformers", "SDUI\Zeta.UI.Transformers\Zeta.UI.Transformers.csproj", "{55ABC747-56DF-43F5-9FA0-FDD1C3062DB8}"
EndProject
Project("{FAE04EC0-301F-11D3-BF4B-00C04F79EFBC}") = "Zeta.UI.Mappers", "SDUI\Zeta.UI.Mappers\Zeta.UI.Mappers.csproj", "{34BCDC07-DCEE-4D07-82EE-439C5B1EB0FE}"
EndProject
Project("{FAE04EC0-301F-11D3-BF4B-00C04F79EFBC}") = "Zeta.UI.Intermediate", "SDUI\Zeta.UI.Intermediate\Zeta.UI.Intermediate.csproj", "{1C6D36BF-7A75-427D-A2C3-6AA8F972CF95}"
EndProject
Global
	GlobalSection(SolutionConfigurationPlatforms) = preSolution
		Debug|Any CPU = Debug|Any CPU
		Release|Any CPU = Release|Any CPU
	EndGlobalSection
	GlobalSection(ProjectConfigurationPlatforms) = postSolution
		{1A279412-1049-4809-9919-D58309F7105D}.Debug|Any CPU.ActiveCfg = Debug|Any CPU
		{1A279412-1049-4809-9919-D58309F7105D}.Debug|Any CPU.Build.0 = Debug|Any CPU
		{1A279412-1049-4809-9919-D58309F7105D}.Release|Any CPU.ActiveCfg = Release|Any CPU
		{1A279412-1049-4809-9919-D58309F7105D}.Release|Any CPU.Build.0 = Release|Any CPU
		{239D46FE-7678-4A60-8F74-11562B40A3C2}.Debug|Any CPU.ActiveCfg = Debug|Any CPU
		{239D46FE-7678-4A60-8F74-11562B40A3C2}.Debug|Any CPU.Build.0 = Debug|Any CPU
		{239D46FE-7678-4A60-8F74-11562B40A3C2}.Release|Any CPU.ActiveCfg = Release|Any CPU
		{239D46FE-7678-4A60-8F74-11562B40A3C2}.Release|Any CPU.Build.0 = Release|Any CPU
		{8ECC8748-AD49-4F75-A33E-F2688BA3EE28}.Debug|Any CPU.ActiveCfg = Debug|Any CPU
		{8ECC8748-AD49-4F75-A33E-F2688BA3EE28}.Debug|Any CPU.Build.0 = Debug|Any CPU
		{8ECC8748-AD49-4F75-A33E-F2688BA3EE28}.Release|Any CPU.ActiveCfg = Release|Any CPU
		{8ECC8748-AD49-4F75-A33E-F2688BA3EE28}.Release|Any CPU.Build.0 = Release|Any CPU
		{9CB56C31-05DC-49C5-AF40-F9EB7EF89540}.Debug|Any CPU.ActiveCfg = Debug|Any CPU
		{9CB56C31-05DC-49C5-AF40-F9EB7EF89540}.Debug|Any CPU.Build.0 = Debug|Any CPU
		{9CB56C31-05DC-49C5-AF40-F9EB7EF89540}.Release|Any CPU.ActiveCfg = Release|Any CPU
		{9CB56C31-05DC-49C5-AF40-F9EB7EF89540}.Release|Any CPU.Build.0 = Release|Any CPU
		{899FE615-680A-41DA-A8C6-1BCCEF52A937}.Debug|Any CPU.ActiveCfg = Debug|Any CPU
		{899FE615-680A-41DA-A8C6-1BCCEF52A937}.Debug|Any CPU.Build.0 = Debug|Any CPU
		{899FE615-680A-41DA-A8C6-1BCCEF52A937}.Release|Any CPU.ActiveCfg = Release|Any CPU
		{899FE615-680A-41DA-A8C6-1BCCEF52A937}.Release|Any CPU.Build.0 = Release|Any CPU
		{DFAD58C7-345E-4C15-A3BA-4ABB79CAB077}.Debug|Any CPU.ActiveCfg = Debug|Any CPU
		{DFAD58C7-345E-4C15-A3BA-4ABB79CAB077}.Debug|Any CPU.Build.0 = Debug|Any CPU
		{DFAD58C7-345E-4C15-A3BA-4ABB79CAB077}.Release|Any CPU.ActiveCfg = Release|Any CPU
		{DFAD58C7-345E-4C15-A3BA-4ABB79CAB077}.Release|Any CPU.Build.0 = Release|Any CPU
		{5A2ECB29-8FA3-41C1-8141-2C8F9B6A288F}.Debug|Any CPU.ActiveCfg = Debug|Any CPU
		{5A2ECB29-8FA3-41C1-8141-2C8F9B6A288F}.Debug|Any CPU.Build.0 = Debug|Any CPU
		{5A2ECB29-8FA3-41C1-8141-2C8F9B6A288F}.Release|Any CPU.ActiveCfg = Release|Any CPU
		{5A2ECB29-8FA3-41C1-8141-2C8F9B6A288F}.Release|Any CPU.Build.0 = Release|Any CPU
		{8A308920-122F-44CD-8666-C95D6955E6AB}.Debug|Any CPU.ActiveCfg = Debug|Any CPU
		{8A308920-122F-44CD-8666-C95D6955E6AB}.Debug|Any CPU.Build.0 = Debug|Any CPU
		{8A308920-122F-44CD-8666-C95D6955E6AB}.Release|Any CPU.ActiveCfg = Release|Any CPU
		{8A308920-122F-44CD-8666-C95D6955E6AB}.Release|Any CPU.Build.0 = Release|Any CPU
		{4B0C2F3E-EC19-4D24-89AC-B222CFA9EC2E}.Debug|Any CPU.ActiveCfg = Debug|Any CPU
		{4B0C2F3E-EC19-4D24-89AC-B222CFA9EC2E}.Debug|Any CPU.Build.0 = Debug|Any CPU
		{4B0C2F3E-EC19-4D24-89AC-B222CFA9EC2E}.Release|Any CPU.ActiveCfg = Release|Any CPU
		{4B0C2F3E-EC19-4D24-89AC-B222CFA9EC2E}.Release|Any CPU.Build.0 = Release|Any CPU
		{E80E716B-D85E-4C6E-B4FF-5262F06A47B0}.Debug|Any CPU.ActiveCfg = Debug|Any CPU
		{E80E716B-D85E-4C6E-B4FF-5262F06A47B0}.Debug|Any CPU.Build.0 = Debug|Any CPU
		{E80E716B-D85E-4C6E-B4FF-5262F06A47B0}.Release|Any CPU.ActiveCfg = Release|Any CPU
		{E80E716B-D85E-4C6E-B4FF-5262F06A47B0}.Release|Any CPU.Build.0 = Release|Any CPU
		{955D33A9-553C-4DED-AD3A-56CBC0031036}.Debug|Any CPU.ActiveCfg = Debug|Any CPU
		{955D33A9-553C-4DED-AD3A-56CBC0031036}.Debug|Any CPU.Build.0 = Debug|Any CPU
		{955D33A9-553C-4DED-AD3A-56CBC0031036}.Release|Any CPU.ActiveCfg = Release|Any CPU
		{955D33A9-553C-4DED-AD3A-56CBC0031036}.Release|Any CPU.Build.0 = Release|Any CPU
		{CA89D7DE-6B53-4DF1-9479-19B4A46F5DFF}.Debug|Any CPU.ActiveCfg = Debug|Any CPU
		{CA89D7DE-6B53-4DF1-9479-19B4A46F5DFF}.Debug|Any CPU.Build.0 = Debug|Any CPU
		{CA89D7DE-6B53-4DF1-9479-19B4A46F5DFF}.Release|Any CPU.ActiveCfg = Release|Any CPU
		{CA89D7DE-6B53-4DF1-9479-19B4A46F5DFF}.Release|Any CPU.Build.0 = Release|Any CPU
		{69E5501B-0451-4018-BDA3-7E8867FD6701}.Debug|Any CPU.ActiveCfg = Debug|Any CPU
		{69E5501B-0451-4018-BDA3-7E8867FD6701}.Debug|Any CPU.Build.0 = Debug|Any CPU
		{69E5501B-0451-4018-BDA3-7E8867FD6701}.Release|Any CPU.ActiveCfg = Release|Any CPU
		{69E5501B-0451-4018-BDA3-7E8867FD6701}.Release|Any CPU.Build.0 = Release|Any CPU
		{5D0F8E49-5C46-4FEB-84A9-E84AFF1A4A19}.Debug|Any CPU.ActiveCfg = Debug|Any CPU
		{5D0F8E49-5C46-4FEB-84A9-E84AFF1A4A19}.Debug|Any CPU.Build.0 = Debug|Any CPU
		{5D0F8E49-5C46-4FEB-84A9-E84AFF1A4A19}.Release|Any CPU.ActiveCfg = Release|Any CPU
		{5D0F8E49-5C46-4FEB-84A9-E84AFF1A4A19}.Release|Any CPU.Build.0 = Release|Any CPU
		{CD63F782-F048-4971-B6CB-89CC162B09E3}.Debug|Any CPU.ActiveCfg = Debug|Any CPU
		{CD63F782-F048-4971-B6CB-89CC162B09E3}.Debug|Any CPU.Build.0 = Debug|Any CPU
		{CD63F782-F048-4971-B6CB-89CC162B09E3}.Release|Any CPU.ActiveCfg = Release|Any CPU
		{CD63F782-F048-4971-B6CB-89CC162B09E3}.Release|Any CPU.Build.0 = Release|Any CPU
		{789CDAAE-1FA9-4F3D-8A21-A4478E76B320}.Debug|Any CPU.ActiveCfg = Debug|Any CPU
		{789CDAAE-1FA9-4F3D-8A21-A4478E76B320}.Debug|Any CPU.Build.0 = Debug|Any CPU
		{789CDAAE-1FA9-4F3D-8A21-A4478E76B320}.Release|Any CPU.ActiveCfg = Release|Any CPU
		{789CDAAE-1FA9-4F3D-8A21-A4478E76B320}.Release|Any CPU.Build.0 = Release|Any CPU
		{A0CF463F-EA83-49B6-872C-D820032045D7}.Debug|Any CPU.ActiveCfg = Debug|Any CPU
		{A0CF463F-EA83-49B6-872C-D820032045D7}.Debug|Any CPU.Build.0 = Debug|Any CPU
		{A0CF463F-EA83-49B6-872C-D820032045D7}.Release|Any CPU.ActiveCfg = Release|Any CPU
		{A0CF463F-EA83-49B6-872C-D820032045D7}.Release|Any CPU.Build.0 = Release|Any CPU
		{43CF9FAB-7265-417D-8F03-71149D5AE195}.Debug|Any CPU.ActiveCfg = Debug|Any CPU
		{43CF9FAB-7265-417D-8F03-71149D5AE195}.Debug|Any CPU.Build.0 = Debug|Any CPU
		{43CF9FAB-7265-417D-8F03-71149D5AE195}.Release|Any CPU.ActiveCfg = Release|Any CPU
		{43CF9FAB-7265-417D-8F03-71149D5AE195}.Release|Any CPU.Build.0 = Release|Any CPU
		{9BE70739-7927-4D23-87F2-A761D6498794}.Debug|Any CPU.ActiveCfg = Debug|Any CPU
		{9BE70739-7927-4D23-87F2-A761D6498794}.Debug|Any CPU.Build.0 = Debug|Any CPU
		{9BE70739-7927-4D23-87F2-A761D6498794}.Release|Any CPU.ActiveCfg = Release|Any CPU
		{9BE70739-7927-4D23-87F2-A761D6498794}.Release|Any CPU.Build.0 = Release|Any CPU
		{6C387CF1-3830-4D4B-8884-370DECA5F460}.Debug|Any CPU.ActiveCfg = Debug|Any CPU
		{6C387CF1-3830-4D4B-8884-370DECA5F460}.Debug|Any CPU.Build.0 = Debug|Any CPU
		{6C387CF1-3830-4D4B-8884-370DECA5F460}.Release|Any CPU.ActiveCfg = Release|Any CPU
		{6C387CF1-3830-4D4B-8884-370DECA5F460}.Release|Any CPU.Build.0 = Release|Any CPU
		{8268D33B-02E6-452C-8528-5ADFD4BB5783}.Debug|Any CPU.ActiveCfg = Debug|Any CPU
		{8268D33B-02E6-452C-8528-5ADFD4BB5783}.Debug|Any CPU.Build.0 = Debug|Any CPU
		{8268D33B-02E6-452C-8528-5ADFD4BB5783}.Release|Any CPU.ActiveCfg = Release|Any CPU
		{8268D33B-02E6-452C-8528-5ADFD4BB5783}.Release|Any CPU.Build.0 = Release|Any CPU
		{F606A1F8-3F87-4C1F-B3DC-83F0B21DB2D0}.Debug|Any CPU.ActiveCfg = Debug|Any CPU
		{F606A1F8-3F87-4C1F-B3DC-83F0B21DB2D0}.Debug|Any CPU.Build.0 = Debug|Any CPU
		{F606A1F8-3F87-4C1F-B3DC-83F0B21DB2D0}.Release|Any CPU.ActiveCfg = Release|Any CPU
		{F606A1F8-3F87-4C1F-B3DC-83F0B21DB2D0}.Release|Any CPU.Build.0 = Release|Any CPU
		{26BCF820-384F-41A8-8F54-A005191C73B6}.Debug|Any CPU.ActiveCfg = Debug|Any CPU
		{26BCF820-384F-41A8-8F54-A005191C73B6}.Debug|Any CPU.Build.0 = Debug|Any CPU
		{26BCF820-384F-41A8-8F54-A005191C73B6}.Release|Any CPU.ActiveCfg = Release|Any CPU
		{26BCF820-384F-41A8-8F54-A005191C73B6}.Release|Any CPU.Build.0 = Release|Any CPU
		{906125C2-760F-46EF-8070-A455293DC0F7}.Debug|Any CPU.ActiveCfg = Debug|Any CPU
		{906125C2-760F-46EF-8070-A455293DC0F7}.Debug|Any CPU.Build.0 = Debug|Any CPU
		{906125C2-760F-46EF-8070-A455293DC0F7}.Release|Any CPU.ActiveCfg = Release|Any CPU
		{906125C2-760F-46EF-8070-A455293DC0F7}.Release|Any CPU.Build.0 = Release|Any CPU
		{49D6D6F7-55B7-4F05-952D-A50CE5CC9DF0}.Debug|Any CPU.ActiveCfg = Debug|Any CPU
		{49D6D6F7-55B7-4F05-952D-A50CE5CC9DF0}.Debug|Any CPU.Build.0 = Debug|Any CPU
		{49D6D6F7-55B7-4F05-952D-A50CE5CC9DF0}.Release|Any CPU.ActiveCfg = Release|Any CPU
		{49D6D6F7-55B7-4F05-952D-A50CE5CC9DF0}.Release|Any CPU.Build.0 = Release|Any CPU
		{5D00C2BE-7B24-4E4F-9332-3B83AB101F22}.Debug|Any CPU.ActiveCfg = Debug|Any CPU
		{5D00C2BE-7B24-4E4F-9332-3B83AB101F22}.Debug|Any CPU.Build.0 = Debug|Any CPU
		{5D00C2BE-7B24-4E4F-9332-3B83AB101F22}.Release|Any CPU.ActiveCfg = Release|Any CPU
		{5D00C2BE-7B24-4E4F-9332-3B83AB101F22}.Release|Any CPU.Build.0 = Release|Any CPU
		{313DEA60-B909-4AB9-A24A-B3631F66DBF0}.Debug|Any CPU.ActiveCfg = Debug|Any CPU
		{313DEA60-B909-4AB9-A24A-B3631F66DBF0}.Debug|Any CPU.Build.0 = Debug|Any CPU
		{313DEA60-B909-4AB9-A24A-B3631F66DBF0}.Release|Any CPU.ActiveCfg = Release|Any CPU
		{313DEA60-B909-4AB9-A24A-B3631F66DBF0}.Release|Any CPU.Build.0 = Release|Any CPU
		{55ABC747-56DF-43F5-9FA0-FDD1C3062DB8}.Debug|Any CPU.ActiveCfg = Debug|Any CPU
		{55ABC747-56DF-43F5-9FA0-FDD1C3062DB8}.Debug|Any CPU.Build.0 = Debug|Any CPU
		{55ABC747-56DF-43F5-9FA0-FDD1C3062DB8}.Release|Any CPU.ActiveCfg = Release|Any CPU
		{55ABC747-56DF-43F5-9FA0-FDD1C3062DB8}.Release|Any CPU.Build.0 = Release|Any CPU
		{34BCDC07-DCEE-4D07-82EE-439C5B1EB0FE}.Debug|Any CPU.ActiveCfg = Debug|Any CPU
		{34BCDC07-DCEE-4D07-82EE-439C5B1EB0FE}.Debug|Any CPU.Build.0 = Debug|Any CPU
		{34BCDC07-DCEE-4D07-82EE-439C5B1EB0FE}.Release|Any CPU.ActiveCfg = Release|Any CPU
		{34BCDC07-DCEE-4D07-82EE-439C5B1EB0FE}.Release|Any CPU.Build.0 = Release|Any CPU
		{1C6D36BF-7A75-427D-A2C3-6AA8F972CF95}.Debug|Any CPU.ActiveCfg = Debug|Any CPU
		{1C6D36BF-7A75-427D-A2C3-6AA8F972CF95}.Debug|Any CPU.Build.0 = Debug|Any CPU
		{1C6D36BF-7A75-427D-A2C3-6AA8F972CF95}.Release|Any CPU.ActiveCfg = Release|Any CPU
		{1C6D36BF-7A75-427D-A2C3-6AA8F972CF95}.Release|Any CPU.Build.0 = Release|Any CPU
	EndGlobalSection
	GlobalSection(SolutionProperties) = preSolution
		HideSolutionNode = FALSE
	EndGlobalSection
	GlobalSection(NestedProjects) = preSolution
		{4F4CE65C-4D91-4A01-A013-74C0A86BE09D} = {40A66C87-7613-4AB5-B173-E109339CF330}
		{1A279412-1049-4809-9919-D58309F7105D} = {4F4CE65C-4D91-4A01-A013-74C0A86BE09D}
		{239D46FE-7678-4A60-8F74-11562B40A3C2} = {4F4CE65C-4D91-4A01-A013-74C0A86BE09D}
		{8ECC8748-AD49-4F75-A33E-F2688BA3EE28} = {92BEDF8B-445A-472F-9C39-EB7B2834C51C}
		{8A308920-122F-44CD-8666-C95D6955E6AB} = {92BEDF8B-445A-472F-9C39-EB7B2834C51C}
		{4B0C2F3E-EC19-4D24-89AC-B222CFA9EC2E} = {4F4CE65C-4D91-4A01-A013-74C0A86BE09D}
		{988335B2-66B6-4C5F-935D-95C72D492D7C} = {40A66C87-7613-4AB5-B173-E109339CF330}
		{E80E716B-D85E-4C6E-B4FF-5262F06A47B0} = {988335B2-66B6-4C5F-935D-95C72D492D7C}
		{955D33A9-553C-4DED-AD3A-56CBC0031036} = {988335B2-66B6-4C5F-935D-95C72D492D7C}
		{CA89D7DE-6B53-4DF1-9479-19B4A46F5DFF} = {988335B2-66B6-4C5F-935D-95C72D492D7C}
		{4FC80A3E-6600-46A0-8D81-ECC2FA794C44} = {40A66C87-7613-4AB5-B173-E109339CF330}
		{69E5501B-0451-4018-BDA3-7E8867FD6701} = {4FC80A3E-6600-46A0-8D81-ECC2FA794C44}
		{72A5891A-A821-45B9-917E-EF6A0C8B520A} = {40A66C87-7613-4AB5-B173-E109339CF330}
		{5D0F8E49-5C46-4FEB-84A9-E84AFF1A4A19} = {4FC80A3E-6600-46A0-8D81-ECC2FA794C44}
		{CD63F782-F048-4971-B6CB-89CC162B09E3} = {4FC80A3E-6600-46A0-8D81-ECC2FA794C44}
		{789CDAAE-1FA9-4F3D-8A21-A4478E76B320} = {4FC80A3E-6600-46A0-8D81-ECC2FA794C44}
		{A0CF463F-EA83-49B6-872C-D820032045D7} = {92BEDF8B-445A-472F-9C39-EB7B2834C51C}
		{43CF9FAB-7265-417D-8F03-71149D5AE195} = {ABE8AA74-3C3E-41DC-BA24-A4460164C40C}
		{ABE8AA74-3C3E-41DC-BA24-A4460164C40C} = {40A66C87-7613-4AB5-B173-E109339CF330}
		{9BE70739-7927-4D23-87F2-A761D6498794} = {ABE8AA74-3C3E-41DC-BA24-A4460164C40C}
		{6C387CF1-3830-4D4B-8884-370DECA5F460} = {ABE8AA74-3C3E-41DC-BA24-A4460164C40C}
		{8268D33B-02E6-452C-8528-5ADFD4BB5783} = {ABE8AA74-3C3E-41DC-BA24-A4460164C40C}
		{F606A1F8-3F87-4C1F-B3DC-83F0B21DB2D0} = {ABE8AA74-3C3E-41DC-BA24-A4460164C40C}
		{26BCF820-384F-41A8-8F54-A005191C73B6} = {0A72FEE7-0468-44F1-9539-ED724F094593}
		{0A72FEE7-0468-44F1-9539-ED724F094593} = {40A66C87-7613-4AB5-B173-E109339CF330}
		{906125C2-760F-46EF-8070-A455293DC0F7} = {0A72FEE7-0468-44F1-9539-ED724F094593}
		{49D6D6F7-55B7-4F05-952D-A50CE5CC9DF0} = {0A72FEE7-0468-44F1-9539-ED724F094593}
		{5D00C2BE-7B24-4E4F-9332-3B83AB101F22} = {0A72FEE7-0468-44F1-9539-ED724F094593}
		{9D6DA0AB-1D4B-4BCB-A21B-955129438568} = {92BEDF8B-445A-472F-9C39-EB7B2834C51C}
		{9CB56C31-05DC-49C5-AF40-F9EB7EF89540} = {9D6DA0AB-1D4B-4BCB-A21B-955129438568}
		{DFAD58C7-345E-4C15-A3BA-4ABB79CAB077} = {9D6DA0AB-1D4B-4BCB-A21B-955129438568}
		{5A2ECB29-8FA3-41C1-8141-2C8F9B6A288F} = {9D6DA0AB-1D4B-4BCB-A21B-955129438568}
		{313DEA60-B909-4AB9-A24A-B3631F66DBF0} = {DB4DA918-DB13-4FCA-9759-11E54ABCC9B9}
		{55ABC747-56DF-43F5-9FA0-FDD1C3062DB8} = {DB4DA918-DB13-4FCA-9759-11E54ABCC9B9}
		{34BCDC07-DCEE-4D07-82EE-439C5B1EB0FE} = {DB4DA918-DB13-4FCA-9759-11E54ABCC9B9}
		{1C6D36BF-7A75-427D-A2C3-6AA8F972CF95} = {DB4DA918-DB13-4FCA-9759-11E54ABCC9B9}
	EndGlobalSection
	GlobalSection(ExtensibilityGlobals) = postSolution
		SolutionGuid = {B2AC09FE-11CB-42E6-BF6D-A702BA7BECE3}
	EndGlobalSection
EndGlobal
